
Microsoft Visual Studio Solution File, Format Version 12.00
# Visual Studio Version 17
VisualStudioVersion = 17.2.32526.322
MinimumVisualStudioVersion = 10.0.40219.1
Project("{FAE04EC0-301F-11D3-BF4B-00C04F79EFBC}") = "DnD", "DnD\DnD.csproj", "{37F98C0A-7AC0-426F-B1C7-D69C10CDF02F}"
EndProject
Global
	GlobalSection(SolutionConfigurationPlatforms) = preSolution
		Debug|Any CPU = Debug|Any CPU
		Release|Any CPU = Release|Any CPU
	EndGlobalSection
	GlobalSection(ProjectConfigurationPlatforms) = postSolution
		{37F98C0A-7AC0-426F-B1C7-D69C10CDF02F}.Debug|Any CPU.ActiveCfg = Debug|Any CPU
		{37F98C0A-7AC0-426F-B1C7-D69C10CDF02F}.Debug|Any CPU.Build.0 = Debug|Any CPU
		{37F98C0A-7AC0-426F-B1C7-D69C10CDF02F}.Release|Any CPU.ActiveCfg = Release|Any CPU
		{37F98C0A-7AC0-426F-B1C7-D69C10CDF02F}.Release|Any CPU.Build.0 = Release|Any CPU
	EndGlobalSection
	GlobalSection(SolutionProperties) = preSolution
		HideSolutionNode = FALSE
	EndGlobalSection
	GlobalSection(ExtensibilityGlobals) = postSolution
		SolutionGuid = {88809275-EE4A-4C08-9859-8140ADF4A6AC}
	EndGlobalSection
EndGlobal
